
Microsoft Visual Studio Solution File, Format Version 12.00
Project("{FAE04EC0-301F-11D3-BF4B-00C04F79EFBC}") = "LP_lab02", "LP_lab02.csproj", "{84D5215A-3FBF-4F3A-9D93-F939F560914A}"
EndProject
Global
	GlobalSection(SolutionConfigurationPlatforms) = preSolution
		Debug|Any CPU = Debug|Any CPU
		Release|Any CPU = Release|Any CPU
	EndGlobalSection
	GlobalSection(ProjectConfigurationPlatforms) = postSolution
		{84D5215A-3FBF-4F3A-9D93-F939F560914A}.Debug|Any CPU.ActiveCfg = Debug|Any CPU
		{84D5215A-3FBF-4F3A-9D93-F939F560914A}.Debug|Any CPU.Build.0 = Debug|Any CPU
		{84D5215A-3FBF-4F3A-9D93-F939F560914A}.Release|Any CPU.ActiveCfg = Release|Any CPU
		{84D5215A-3FBF-4F3A-9D93-F939F560914A}.Release|Any CPU.Build.0 = Release|Any CPU
	EndGlobalSection
EndGlobal
