
Microsoft Visual Studio Solution File, Format Version 12.00
Project("{FAE04EC0-301F-11D3-BF4B-00C04F79EFBC}") = "LP_Lab13", "LP_Lab13\LP_Lab13.csproj", "{53E260E7-BE4B-4008-88F0-58A3D2A59666}"
EndProject
Global
	GlobalSection(SolutionConfigurationPlatforms) = preSolution
		Debug|Any CPU = Debug|Any CPU
		Release|Any CPU = Release|Any CPU
	EndGlobalSection
	GlobalSection(ProjectConfigurationPlatforms) = postSolution
		{53E260E7-BE4B-4008-88F0-58A3D2A59666}.Debug|Any CPU.ActiveCfg = Debug|Any CPU
		{53E260E7-BE4B-4008-88F0-58A3D2A59666}.Debug|Any CPU.Build.0 = Debug|Any CPU
		{53E260E7-BE4B-4008-88F0-58A3D2A59666}.Release|Any CPU.ActiveCfg = Release|Any CPU
		{53E260E7-BE4B-4008-88F0-58A3D2A59666}.Release|Any CPU.Build.0 = Release|Any CPU
	EndGlobalSection
EndGlobal
