
Microsoft Visual Studio Solution File, Format Version 12.00
Project("{FAE04EC0-301F-11D3-BF4B-00C04F79EFBC}") = "LP_Lab11", "LP_Lab11\LP_Lab11.csproj", "{4BE5295C-A4F4-43F6-800D-B83C82B14DA3}"
EndProject
Global
	GlobalSection(SolutionConfigurationPlatforms) = preSolution
		Debug|Any CPU = Debug|Any CPU
		Release|Any CPU = Release|Any CPU
	EndGlobalSection
	GlobalSection(ProjectConfigurationPlatforms) = postSolution
		{4BE5295C-A4F4-43F6-800D-B83C82B14DA3}.Debug|Any CPU.ActiveCfg = Debug|Any CPU
		{4BE5295C-A4F4-43F6-800D-B83C82B14DA3}.Debug|Any CPU.Build.0 = Debug|Any CPU
		{4BE5295C-A4F4-43F6-800D-B83C82B14DA3}.Release|Any CPU.ActiveCfg = Release|Any CPU
		{4BE5295C-A4F4-43F6-800D-B83C82B14DA3}.Release|Any CPU.Build.0 = Release|Any CPU
	EndGlobalSection
EndGlobal
