
Microsoft Visual Studio Solution File, Format Version 12.00
Project("{FAE04EC0-301F-11D3-BF4B-00C04F79EFBC}") = "LP_Lab09", "LP_Lab09\LP_Lab09.csproj", "{71C435B3-0755-4A3F-A400-08162C06CEC6}"
EndProject
Global
	GlobalSection(SolutionConfigurationPlatforms) = preSolution
		Debug|Any CPU = Debug|Any CPU
		Release|Any CPU = Release|Any CPU
	EndGlobalSection
	GlobalSection(ProjectConfigurationPlatforms) = postSolution
		{71C435B3-0755-4A3F-A400-08162C06CEC6}.Debug|Any CPU.ActiveCfg = Debug|Any CPU
		{71C435B3-0755-4A3F-A400-08162C06CEC6}.Debug|Any CPU.Build.0 = Debug|Any CPU
		{71C435B3-0755-4A3F-A400-08162C06CEC6}.Release|Any CPU.ActiveCfg = Release|Any CPU
		{71C435B3-0755-4A3F-A400-08162C06CEC6}.Release|Any CPU.Build.0 = Release|Any CPU
	EndGlobalSection
EndGlobal
